version: 1.4.1
dependencies:
  - name: cert-manager
    repository: https://charts.jetstack.io
    version: v1.20.2
  - name: external-dns
    repository: https://kubernetes-sigs.github.io/external-dns/
    version: 1.21.1
digest: sha256:cec964aceed1648ec9a0eaaaf87923184d2f228851d41add20e12d6561d3e233
generated: "2026-05-30T02:39:06.709691997-04:00"
