version: 1.4.1
dependencies:
  - name: alloy
    repository: https://grafana.github.io/helm-charts
    version: 1.8.2
  - name: argo-cd
    repository: https://argoproj.github.io/argo-helm
    version: 9.5.17
  - name: authentik
    repository: https://charts.goauthentik.io
    version: 2026.5.2
  - name: grafana
    repository: https://grafana-community.github.io/helm-charts
    version: 11.3.6
  - name: kube-prometheus-stack
    repository: https://prometheus-community.github.io/helm-charts
    version: 86.1.0
  - name: loki
    repository: https://grafana-community.github.io/helm-charts
    version: 9.3.6
  - name: longhorn
    repository: https://charts.longhorn.io
    version: 1.11.2
  - name: metallb
    repository: https://metallb.github.io/metallb
    version: 0.16.1
  - name: pyroscope
    repository: https://grafana.github.io/helm-charts
    version: 1.19.2
  - name: tempo
    repository: https://grafana-community.github.io/helm-charts
    version: 2.2.0
  - name: traefik
    repository: https://traefik.github.io/charts
    version: 40.2.0
digest: sha256:5bfc4c7a87f5402e0e49864f3db87f8748c50ce2a1e3608d917939ba7d24bb68
generated: "2026-05-30T01:02:10.792601085-04:00"
