version: 1.4.1
dependencies:
  - name: authentik
    repository: https://charts.goauthentik.io
    version: 2026.2.1
  - name: grafana
    repository: https://grafana-community.github.io/helm-charts
    version: 11.3.2
  - name: kube-prometheus-stack
    repository: https://prometheus-community.github.io/helm-charts
    version: 82.10.3
  - name: loki
    repository: https://grafana.github.io/helm-charts
    version: 6.54.0
  - name: longhorn
    repository: https://charts.longhorn.io
    version: 1.7.1
  - name: metallb
    repository: https://metallb.github.io/metallb
    version: 0.15.3
  - name: tempo
    repository: https://grafana-community.github.io/helm-charts
    version: 2.0.0
  - name: traefik
    repository: https://traefik.github.io/charts
    version: 39.0.6
digest: sha256:5d8db95c668577eab3f4e1b79e03ab2b3cafbfbea8a8f35d217e13134d2ebd20
generated: "2026-03-20T23:25:30.230295691-04:00"
