version: 1.4.1
dependencies:
  - name: alloy
    repository: https://grafana.github.io/helm-charts
    version: 0.12.4
  - name: argo-cd
    repository: https://argoproj.github.io/argo-helm
    version: 9.4.16
  - name: authentik
    repository: https://charts.goauthentik.io
    version: 2026.2.1
  - name: grafana
    repository: https://grafana-community.github.io/helm-charts
    version: 11.3.6
  - name: kube-prometheus-stack
    repository: https://prometheus-community.github.io/helm-charts
    version: 82.10.3
  - name: loki
    repository: https://grafana-community.github.io/helm-charts
    version: 9.2.2
  - name: longhorn
    repository: https://charts.longhorn.io
    version: 1.11.1
  - name: metallb
    repository: https://metallb.github.io/metallb
    version: 0.15.3
  - name: tempo
    repository: https://grafana-community.github.io/helm-charts
    version: 2.0.0
  - name: traefik
    repository: https://traefik.github.io/charts
    version: 39.0.6
digest: sha256:a06ccc9d037452270323a7c9d587ab0bb34c786c6cef94a77be02589d1adb70f
generated: "2026-03-29T20:40:19.247036885-04:00"
