version: 1.4.1
dependencies:
  - name: cert-manager
    repository: https://charts.jetstack.io
    version: v1.20.0
  - name: external-dns
    repository: https://kubernetes-sigs.github.io/external-dns/
    version: 1.20.0
digest: sha256:9c8fe22b50088337f0237d144eb2c422a2810979db0eb02de41c096e5eaf4caa
generated: "2026-03-30T00:09:58.885110867-04:00"
