version: 1.4.1
dependencies:
  - name: grafana
    repository: https://grafana.github.io/helm-charts
    version: 7.3.7
  - name: kube-prometheus-stack
    repository: https://prometheus-community.github.io/helm-charts
    version: 82.10.3
  - name: prometheus-operator-crds
    repository: https://prometheus-community.github.io/helm-charts
    version: 27.0.0
digest: sha256:992acd0840ad4fe92793cfc41f96483a5deb5d8257b1be43a60652113626c6e6
generated: "2026-03-10T11:28:31.091369829-04:00"
