version: 1.4.1
dependencies:
  - name: grafana
    repository: https://grafana-community.github.io/helm-charts
    version: 11.3.2
  - name: kube-prometheus-stack
    repository: https://prometheus-community.github.io/helm-charts
    version: 82.10.3
  - name: loki
    repository: https://grafana.github.io/helm-charts
    version: 6.54.0
  - name: longhorn
    repository: https://charts.longhorn.io
    version: 1.7.1
  - name: metallb
    repository: https://metallb.github.io/metallb
    version: 0.15.3
  - name: postgresql
    repository: https://charts.bitnami.com/bitnami
    version: 18.5.6
  - name: redis
    repository: https://charts.bitnami.com/bitnami
    version: 25.3.2
  - name: tempo
    repository: https://grafana-community.github.io/helm-charts
    version: 2.0.0
digest: sha256:fa92be509d35627b35630d34dd8ccb050d1e27d3156a9d1726e710ff8a2f99b3
generated: "2026-03-12T22:42:11.316422375-04:00"
