version: 1.4.1
dependencies:
  - name: grafana
    repository: https://grafana-community.github.io/helm-charts
    version: 11.3.2
  - name: kube-prometheus-stack
    repository: https://prometheus-community.github.io/helm-charts
    version: 82.10.3
  - name: loki
    repository: https://grafana.github.io/helm-charts
    version: 6.54.0
  - name: longhorn
    repository: https://charts.longhorn.io
    version: 1.7.1
  - name: metallb
    repository: https://metallb.github.io/metallb
    version: 0.15.3
  - name: redis
    repository: https://charts.bitnami.com/bitnami
    version: 25.3.2
  - name: tempo
    repository: https://grafana-community.github.io/helm-charts
    version: 2.0.0
digest: sha256:7c5485f7d827fcf6c2ae18b9d990adf008bc49440811376af6db216db62579de
generated: "2026-03-12T22:10:08.645643856-04:00"
