version: 1.4.1
dependencies:
  - name: cert-manager
    repository: https://charts.jetstack.io
    version: v1.20.2
  - name: external-dns
    repository: https://kubernetes-sigs.github.io/external-dns/
    version: 1.21.1
digest: sha256:5ff7c31bcad10acc14796f4676517c4da6f6f0f6956d8dd21215c2209e5f4aeb
generated: "2026-05-30T00:07:30.188502403-04:00"
