version: 1.4.1
dependencies:
  - name: alloy
    repository: https://grafana.github.io/helm-charts
    version: 1.8.2
  - name: argo-cd
    repository: https://argoproj.github.io/argo-helm
    version: 9.5.17
  - name: authentik
    repository: https://charts.goauthentik.io
    version: 2026.5.2
  - name: grafana
    repository: https://grafana-community.github.io/helm-charts
    version: 11.3.6
  - name: kube-prometheus-stack
    repository: https://prometheus-community.github.io/helm-charts
    version: 86.1.0
  - name: loki
    repository: https://grafana-community.github.io/helm-charts
    version: 9.3.6
  - name: longhorn
    repository: https://charts.longhorn.io
    version: 1.11.2
  - name: metallb
    repository: https://metallb.github.io/metallb
    version: 0.16.1
  - name: pyroscope
    repository: https://grafana.github.io/helm-charts
    version: 1.19.2
  - name: tempo
    repository: https://grafana-community.github.io/helm-charts
    version: 2.2.0
  - name: traefik
    repository: https://traefik.github.io/charts
    version: 40.2.0
digest: sha256:9913f928d14f23e254d172ca9a06e71d2d0db8293aff31c59a34463262f87a6d
generated: "2026-05-30T00:59:47.468267716-04:00"
