version: 1.4.1
dependencies:
  - name: alloy
    repository: https://grafana.github.io/helm-charts
    version: 1.8.2
  - name: argo-cd
    repository: https://argoproj.github.io/argo-helm
    version: 9.5.17
  - name: authentik
    repository: https://charts.goauthentik.io
    version: 2026.5.2
  - name: external-secrets
    repository: https://charts.external-secrets.io
    version: 2.5.0
  - name: grafana
    repository: https://grafana-community.github.io/helm-charts
    version: 12.4.1
  - name: kube-prometheus-stack
    repository: https://prometheus-community.github.io/helm-charts
    version: 86.1.0
  - name: loki
    repository: https://grafana-community.github.io/helm-charts
    version: 17.1.5
  - name: longhorn
    repository: https://charts.longhorn.io
    version: 1.11.2
  - name: metallb
    repository: https://metallb.github.io/metallb
    version: 0.16.1
  - name: openbao
    repository: https://openbao.github.io/openbao-helm
    version: 0.28.3
  - name: pyroscope
    repository: https://grafana.github.io/helm-charts
    version: 2.0.2
  - name: tempo
    repository: https://grafana-community.github.io/helm-charts
    version: 2.2.0
  - name: traefik
    repository: https://traefik.github.io/charts
    version: 40.2.0
  - name: velero
    repository: https://vmware-tanzu.github.io/helm-charts
    version: 12.0.1
digest: sha256:cd5a570be8e5c4030f8e07a187a3883771facebb94286b1d85d8edfc71fac808
generated: "2026-06-07T01:22:50.457097793-04:00"
