version: 1.4.1
dependencies:
  - name: alloy
    repository: https://grafana.github.io/helm-charts
    version: 1.6.2
  - name: argo-cd
    repository: https://argoproj.github.io/argo-helm
    version: 9.4.17
  - name: authentik
    repository: https://charts.goauthentik.io
    version: 2026.2.1
  - name: grafana
    repository: https://grafana-community.github.io/helm-charts
    version: 11.3.6
  - name: kube-prometheus-stack
    repository: https://prometheus-community.github.io/helm-charts
    version: 82.15.1
  - name: loki
    repository: https://grafana-community.github.io/helm-charts
    version: 9.3.6
  - name: longhorn
    repository: https://charts.longhorn.io
    version: 1.11.1
  - name: metallb
    repository: https://metallb.github.io/metallb
    version: 0.15.3
  - name: pyroscope
    repository: https://grafana.github.io/helm-charts
    version: 1.19.2
  - name: tempo
    repository: https://grafana-community.github.io/helm-charts
    version: 2.0.0
  - name: traefik
    repository: https://traefik.github.io/charts
    version: 39.0.7
digest: sha256:8d2447da6b29b3ed85077eea8362e05b95b046793ee473f4acf4cd1e653f8830
generated: "2026-04-01T20:57:49.130288301-04:00"
